
Microsoft Visual Studio Solution File, Format Version 12.00
# Visual Studio Version 17
VisualStudioVersion = 17.3.32922.545
MinimumVisualStudioVersion = 10.0.40219.1
Project("{FAE04EC0-301F-11D3-BF4B-00C04F79EFBC}") = "ColorMixerApp", "ColorMixerApp.csproj", "{6681620B-74D1-4C18-B0F3-E2577B4FD871}"
EndProject
Global
	GlobalSection(SolutionConfigurationPlatforms) = preSolution
		Debug|Any CPU = Debug|Any CPU
		Release|Any CPU = Release|Any CPU
	EndGlobalSection
	GlobalSection(ProjectConfigurationPlatforms) = postSolution
		{6681620B-74D1-4C18-B0F3-E2577B4FD871}.Debug|Any CPU.ActiveCfg = Debug|Any CPU
		{6681620B-74D1-4C18-B0F3-E2577B4FD871}.Debug|Any CPU.Build.0 = Debug|Any CPU
		{6681620B-74D1-4C18-B0F3-E2577B4FD871}.Release|Any CPU.ActiveCfg = Release|Any CPU
		{6681620B-74D1-4C18-B0F3-E2577B4FD871}.Release|Any CPU.Build.0 = Release|Any CPU
	EndGlobalSection
	GlobalSection(SolutionProperties) = preSolution
		HideSolutionNode = FALSE
	EndGlobalSection
	GlobalSection(ExtensibilityGlobals) = postSolution
		SolutionGuid = {E40BB9AA-26E9-4843-871F-C92D7FA9A005}
	EndGlobalSection
EndGlobal
